
Microsoft Visual Studio Solution File, Format Version 12.00
# Visual Studio Version 16
VisualStudioVersion = 16.0.31313.79
MinimumVisualStudioVersion = 10.0.40219.1
Project("{FAE04EC0-301F-11D3-BF4B-00C04F79EFBC}") = "analisis-imagenes", "analisis-imagenes\analisis-imagenes.csproj", "{A658D28B-24EC-4176-8213-1D4E67ED0685}"
EndProject
Global
	GlobalSection(SolutionConfigurationPlatforms) = preSolution
		Debug|Any CPU = Debug|Any CPU
		Release|Any CPU = Release|Any CPU
	EndGlobalSection
	GlobalSection(ProjectConfigurationPlatforms) = postSolution
		{A658D28B-24EC-4176-8213-1D4E67ED0685}.Debug|Any CPU.ActiveCfg = Debug|Any CPU
		{A658D28B-24EC-4176-8213-1D4E67ED0685}.Debug|Any CPU.Build.0 = Debug|Any CPU
		{A658D28B-24EC-4176-8213-1D4E67ED0685}.Release|Any CPU.ActiveCfg = Release|Any CPU
		{A658D28B-24EC-4176-8213-1D4E67ED0685}.Release|Any CPU.Build.0 = Release|Any CPU
	EndGlobalSection
	GlobalSection(SolutionProperties) = preSolution
		HideSolutionNode = FALSE
	EndGlobalSection
	GlobalSection(ExtensibilityGlobals) = postSolution
		SolutionGuid = {03ACDC49-DCAB-49CD-9C6D-15B815C4A812}
	EndGlobalSection
EndGlobal
